
Microsoft Visual Studio Solution File, Format Version 12.00
# Visual Studio Version 17
VisualStudioVersion = 17.0.31919.166
MinimumVisualStudioVersion = 10.0.40219.1
Project("{FAE04EC0-301F-11D3-BF4B-00C04F79EFBC}") = "WebAppNikita2", "WebAppNikita2.csproj", "{5016223A-3A1E-414C-BF1B-1145F9703574}"
EndProject
Global
	GlobalSection(SolutionConfigurationPlatforms) = preSolution
		Debug|Any CPU = Debug|Any CPU
		Release|Any CPU = Release|Any CPU
	EndGlobalSection
	GlobalSection(ProjectConfigurationPlatforms) = postSolution
		{5016223A-3A1E-414C-BF1B-1145F9703574}.Debug|Any CPU.ActiveCfg = Debug|Any CPU
		{5016223A-3A1E-414C-BF1B-1145F9703574}.Debug|Any CPU.Build.0 = Debug|Any CPU
		{5016223A-3A1E-414C-BF1B-1145F9703574}.Release|Any CPU.ActiveCfg = Release|Any CPU
		{5016223A-3A1E-414C-BF1B-1145F9703574}.Release|Any CPU.Build.0 = Release|Any CPU
	EndGlobalSection
	GlobalSection(SolutionProperties) = preSolution
		HideSolutionNode = FALSE
	EndGlobalSection
	GlobalSection(ExtensibilityGlobals) = postSolution
		SolutionGuid = {A1AC3953-30AF-486D-A26B-E0E2D5906968}
	EndGlobalSection
EndGlobal
